{
    "name": "webfactory-action-ssh-agent",
    "version": "0.1.0",
    "lockfileVersion": 2,
    "requires": true,
    "packages": {
        "": {
            "name": "webfactory-action-ssh-agent",
            "version": "0.1.0",
            "license": "MIT",
            "devDependencies": {
                "@actions/core": "^1.2.4",
                "@zeit/ncc": "^0.20.5"
            }
        },
        "node_modules/@actions/core": {
            "version": "1.2.6",
            "resolved": "https://registry.npmjs.org/@actions/core/-/core-1.2.6.tgz",
            "integrity": "sha512-ZQYitnqiyBc3D+k7LsgSBmMDVkOVidaagDG7j3fOym77jNunWRuYx7VSHa9GNfFZh+zh61xsCjRj4JxMZlDqTA==",
            "dev": true
        },
        "node_modules/@zeit/ncc": {
            "version": "0.20.5",
            "resolved": "https://registry.npmjs.org/@zeit/ncc/-/ncc-0.20.5.tgz",
            "integrity": "sha512-XU6uzwvv95DqxciQx+aOLhbyBx/13ky+RK1y88Age9Du3BlA4mMPCy13BGjayOrrumOzlq1XV3SD/BWiZENXlw==",
            "deprecated": "@zeit/ncc is no longer maintained. Please use @vercel/ncc instead.",
            "dev": true,
            "bin": {
                "ncc": "dist/ncc/cli.js"
            }
        }
    },
    "dependencies": {
        "@actions/core": {
            "version": "1.2.6",
            "resolved": "https://registry.npmjs.org/@actions/core/-/core-1.2.6.tgz",
            "integrity": "sha512-ZQYitnqiyBc3D+k7LsgSBmMDVkOVidaagDG7j3fOym77jNunWRuYx7VSHa9GNfFZh+zh61xsCjRj4JxMZlDqTA==",
            "dev": true
        },
        "@zeit/ncc": {
            "version": "0.20.5",
            "resolved": "https://registry.npmjs.org/@zeit/ncc/-/ncc-0.20.5.tgz",
            "integrity": "sha512-XU6uzwvv95DqxciQx+aOLhbyBx/13ky+RK1y88Age9Du3BlA4mMPCy13BGjayOrrumOzlq1XV3SD/BWiZENXlw==",
            "dev": true
        }
    }
}
