# THIS IS AN AUTOGENERATED FILE. DO NOT EDIT THIS FILE DIRECTLY.
# yarn lockfile v1


"@actions/core@^1.2.4":
  version "1.2.4"
  resolved "https://registry.yarnpkg.com/@actions/core/-/core-1.2.4.tgz#96179dbf9f8d951dd74b40a0dbd5c22555d186ab"
  integrity sha512-YJCEq8BE3CdN8+7HPZ/4DxJjk/OkZV2FFIf+DlZTC/4iBlzYCD5yjRR6eiOS5llO11zbRltIRuKAjMKaWTE6cg==

"@zeit/ncc@^0.20.5":
  version "0.20.5"
  resolved "https://registry.yarnpkg.com/@zeit/ncc/-/ncc-0.20.5.tgz#a41af6e6bcab4a58f4612bae6137f70bce0192e3"
  integrity sha512-XU6uzwvv95DqxciQx+aOLhbyBx/13ky+RK1y88Age9Du3BlA4mMPCy13BGjayOrrumOzlq1XV3SD/BWiZENXlw==
